
Microsoft Visual Studio Solution File, Format Version 12.00
# Visual Studio Version 16
VisualStudioVersion = 16.0.30413.136
MinimumVisualStudioVersion = 10.0.40219.1
Project("{FAE04EC0-301F-11D3-BF4B-00C04F79EFBC}") = "MainMenu", "MainMenu\MainMenu.csproj", "{22DEAA88-48E0-4C79-8649-2671F9A4176B}"
EndProject
Project("{FAE04EC0-301F-11D3-BF4B-00C04F79EFBC}") = "TimerApp", "..\..\..\TimerApp\Cinamaroll-Timer-App\TimerApp\TimerApp\TimerApp.csproj", "{523D3124-1036-42A3-8300-CC59748EDBB4}"
EndProject
Global
	GlobalSection(SolutionConfigurationPlatforms) = preSolution
		Debug|Any CPU = Debug|Any CPU
		Release|Any CPU = Release|Any CPU
	EndGlobalSection
	GlobalSection(ProjectConfigurationPlatforms) = postSolution
		{22DEAA88-48E0-4C79-8649-2671F9A4176B}.Debug|Any CPU.ActiveCfg = Debug|Any CPU
		{22DEAA88-48E0-4C79-8649-2671F9A4176B}.Debug|Any CPU.Build.0 = Debug|Any CPU
		{22DEAA88-48E0-4C79-8649-2671F9A4176B}.Release|Any CPU.ActiveCfg = Release|Any CPU
		{22DEAA88-48E0-4C79-8649-2671F9A4176B}.Release|Any CPU.Build.0 = Release|Any CPU
		{523D3124-1036-42A3-8300-CC59748EDBB4}.Debug|Any CPU.ActiveCfg = Debug|Any CPU
		{523D3124-1036-42A3-8300-CC59748EDBB4}.Debug|Any CPU.Build.0 = Debug|Any CPU
		{523D3124-1036-42A3-8300-CC59748EDBB4}.Release|Any CPU.ActiveCfg = Release|Any CPU
		{523D3124-1036-42A3-8300-CC59748EDBB4}.Release|Any CPU.Build.0 = Release|Any CPU
	EndGlobalSection
	GlobalSection(SolutionProperties) = preSolution
		HideSolutionNode = FALSE
	EndGlobalSection
	GlobalSection(ExtensibilityGlobals) = postSolution
		SolutionGuid = {3F29B602-C484-4C46-B832-AF573E985909}
	EndGlobalSection
EndGlobal
